{
  "object": {
    "pins": [
      {
        "package": "LetrandoUIKit",
        "repositoryURL": "https://github.com/TeamLetrando/LetrandoUIKit",
        "state": {
          "branch": "main",
          "revision": "32d91b3f57367f447cfe8badbadd6a8721a50c71",
          "version": null
        }
      }
    ]
  },
  "version": 1
}
